
Microsoft Visual Studio Solution File, Format Version 12.00
# Visual Studio Version 17
VisualStudioVersion = 17.2.32630.192
MinimumVisualStudioVersion = 10.0.40219.1
Project("{FAE04EC0-301F-11D3-BF4B-00C04F79EFBC}") = "MB-Figures", "MB-Figures\MB-Figures.csproj", "{063EE8C6-9050-4572-B390-CEA12763F84D}"
EndProject
Project("{FAE04EC0-301F-11D3-BF4B-00C04F79EFBC}") = "MB-Figures.Tests", "MB-Figures.Tests\MB-Figures.Tests.csproj", "{F4440228-5180-459A-8354-63A64CCD0F49}"
EndProject
Global
	GlobalSection(SolutionConfigurationPlatforms) = preSolution
		Debug|Any CPU = Debug|Any CPU
		Release|Any CPU = Release|Any CPU
	EndGlobalSection
	GlobalSection(ProjectConfigurationPlatforms) = postSolution
		{063EE8C6-9050-4572-B390-CEA12763F84D}.Debug|Any CPU.ActiveCfg = Debug|Any CPU
		{063EE8C6-9050-4572-B390-CEA12763F84D}.Debug|Any CPU.Build.0 = Debug|Any CPU
		{063EE8C6-9050-4572-B390-CEA12763F84D}.Release|Any CPU.ActiveCfg = Release|Any CPU
		{063EE8C6-9050-4572-B390-CEA12763F84D}.Release|Any CPU.Build.0 = Release|Any CPU
		{F4440228-5180-459A-8354-63A64CCD0F49}.Debug|Any CPU.ActiveCfg = Debug|Any CPU
		{F4440228-5180-459A-8354-63A64CCD0F49}.Debug|Any CPU.Build.0 = Debug|Any CPU
		{F4440228-5180-459A-8354-63A64CCD0F49}.Release|Any CPU.ActiveCfg = Release|Any CPU
		{F4440228-5180-459A-8354-63A64CCD0F49}.Release|Any CPU.Build.0 = Release|Any CPU
	EndGlobalSection
	GlobalSection(SolutionProperties) = preSolution
		HideSolutionNode = FALSE
	EndGlobalSection
	GlobalSection(ExtensibilityGlobals) = postSolution
		SolutionGuid = {42972A2E-26CF-41DA-B0F1-142BC64C8806}
	EndGlobalSection
EndGlobal
